// !$*UTF8*$!
{
	archiveVersion = 1;
	classes = {
	};
	objectVersion = 46;
	objects = {

/* Begin PBXBuildFile section */
		A33747371A1CABA300A79D02 /* main.m in Sources */ = {isa = PBXBuildFile; fileRef = A33747361A1CABA300A79D02 /* main.m */; };
		A337473A1A1CABA300A79D02 /* AppDelegate.m in Sources */ = {isa = PBXBuildFile; fileRef = A33747391A1CABA300A79D02 /* AppDelegate.m */; };
		A33747421A1CABA300A79D02 /* Images.xcassets in Resources */ = {isa = PBXBuildFile; fileRef = A33747411A1CABA300A79D02 /* Images.xcassets */; };
		A33747451A1CABA300A79D02 /* LaunchScreen.xib in Resources */ = {isa = PBXBuildFile; fileRef = A33747431A1CABA300A79D02 /* LaunchScreen.xib */; };
		A33747511A1CABA300A79D02 /* SaneNSErrorTests.m in Sources */ = {isa = PBXBuildFile; fileRef = A33747501A1CABA300A79D02 /* SaneNSErrorTests.m */; };
		A337475D1A1CABAE00A79D02 /* SaneNSError.m in Sources */ = {isa = PBXBuildFile; fileRef = A337475C1A1CABAE00A79D02 /* SaneNSError.m */; };
/* End PBXBuildFile section */

/* Begin PBXContainerItemProxy section */
		A337474B1A1CABA300A79D02 /* PBXContainerItemProxy */ = {
			isa = PBXContainerItemProxy;
			containerPortal = A33747291A1CABA300A79D02 /* Project object */;
			proxyType = 1;
			remoteGlobalIDString = A33747301A1CABA300A79D02;
			remoteInfo = SaneNSError;
		};
/* End PBXContainerItemProxy section */

/* Begin PBXFileReference section */
		A33747311A1CABA300A79D02 /* SaneNSError.app */ = {isa = PBXFileReference; explicitFileType = wrapper.application; includeInIndex = 0; path = SaneNSError.app; sourceTree = BUILT_PRODUCTS_DIR; };
		A33747351A1CABA300A79D02 /* Info.plist */ = {isa = PBXFileReference; lastKnownFileType = text.plist.xml; path = Info.plist; sourceTree = "<group>"; };
		A33747361A1CABA300A79D02 /* main.m */ = {isa = PBXFileReference; lastKnownFileType = sourcecode.c.objc; path = main.m; sourceTree = "<group>"; };
		A33747381A1CABA300A79D02 /* AppDelegate.h */ = {isa = PBXFileReference; lastKnownFileType = sourcecode.c.h; path = AppDelegate.h; sourceTree = "<group>"; };
		A33747391A1CABA300A79D02 /* AppDelegate.m */ = {isa = PBXFileReference; lastKnownFileType = sourcecode.c.objc; path = AppDelegate.m; sourceTree = "<group>"; };
		A33747411A1CABA300A79D02 /* Images.xcassets */ = {isa = PBXFileReference; lastKnownFileType = folder.assetcatalog; path = Images.xcassets; sourceTree = "<group>"; };
		A33747441A1CABA300A79D02 /* Base */ = {isa = PBXFileReference; lastKnownFileType = file.xib; name = Base; path = Base.lproj/LaunchScreen.xib; sourceTree = "<group>"; };
		A337474A1A1CABA300A79D02 /* SaneNSErrorTests.xctest */ = {isa = PBXFileReference; explicitFileType = wrapper.cfbundle; includeInIndex = 0; path = SaneNSErrorTests.xctest; sourceTree = BUILT_PRODUCTS_DIR; };
		A337474F1A1CABA300A79D02 /* Info.plist */ = {isa = PBXFileReference; lastKnownFileType = text.plist.xml; path = Info.plist; sourceTree = "<group>"; };
		A33747501A1CABA300A79D02 /* SaneNSErrorTests.m */ = {isa = PBXFileReference; lastKnownFileType = sourcecode.c.objc; path = SaneNSErrorTests.m; sourceTree = "<group>"; };
		A337475B1A1CABAE00A79D02 /* SaneNSError.h */ = {isa = PBXFileReference; fileEncoding = 4; lastKnownFileType = sourcecode.c.h; path = SaneNSError.h; sourceTree = "<group>"; };
		A337475C1A1CABAE00A79D02 /* SaneNSError.m */ = {isa = PBXFileReference; fileEncoding = 4; lastKnownFileType = sourcecode.c.objc; path = SaneNSError.m; sourceTree = "<group>"; };
/* End PBXFileReference section */

/* Begin PBXFrameworksBuildPhase section */
		A337472E1A1CABA300A79D02 /* Frameworks */ = {
			isa = PBXFrameworksBuildPhase;
			buildActionMask = 2147483647;
			files = (
			);
			runOnlyForDeploymentPostprocessing = 0;
		};
		A33747471A1CABA300A79D02 /* Frameworks */ = {
			isa = PBXFrameworksBuildPhase;
			buildActionMask = 2147483647;
			files = (
			);
			runOnlyForDeploymentPostprocessing = 0;
		};
/* End PBXFrameworksBuildPhase section */

/* Begin PBXGroup section */
		A33747281A1CABA300A79D02 = {
			isa = PBXGroup;
			children = (
				A337475A1A1CABAE00A79D02 /* Source */,
				A33747331A1CABA300A79D02 /* SaneNSError */,
				A337474D1A1CABA300A79D02 /* SaneNSErrorTests */,
				A33747321A1CABA300A79D02 /* Products */,
			);
			sourceTree = "<group>";
		};
		A33747321A1CABA300A79D02 /* Products */ = {
			isa = PBXGroup;
			children = (
				A33747311A1CABA300A79D02 /* SaneNSError.app */,
				A337474A1A1CABA300A79D02 /* SaneNSErrorTests.xctest */,
			);
			name = Products;
			sourceTree = "<group>";
		};
		A33747331A1CABA300A79D02 /* SaneNSError */ = {
			isa = PBXGroup;
			children = (
				A33747381A1CABA300A79D02 /* AppDelegate.h */,
				A33747391A1CABA300A79D02 /* AppDelegate.m */,
				A33747411A1CABA300A79D02 /* Images.xcassets */,
				A33747431A1CABA300A79D02 /* LaunchScreen.xib */,
				A33747341A1CABA300A79D02 /* Supporting Files */,
			);
			path = SaneNSError;
			sourceTree = "<group>";
		};
		A33747341A1CABA300A79D02 /* Supporting Files */ = {
			isa = PBXGroup;
			children = (
				A33747351A1CABA300A79D02 /* Info.plist */,
				A33747361A1CABA300A79D02 /* main.m */,
			);
			name = "Supporting Files";
			sourceTree = "<group>";
		};
		A337474D1A1CABA300A79D02 /* SaneNSErrorTests */ = {
			isa = PBXGroup;
			children = (
				A33747501A1CABA300A79D02 /* SaneNSErrorTests.m */,
				A337474E1A1CABA300A79D02 /* Supporting Files */,
			);
			path = SaneNSErrorTests;
			sourceTree = "<group>";
		};
		A337474E1A1CABA300A79D02 /* Supporting Files */ = {
			isa = PBXGroup;
			children = (
				A337474F1A1CABA300A79D02 /* Info.plist */,
			);
			name = "Supporting Files";
			sourceTree = "<group>";
		};
		A337475A1A1CABAE00A79D02 /* Source */ = {
			isa = PBXGroup;
			children = (
				A337475B1A1CABAE00A79D02 /* SaneNSError.h */,
				A337475C1A1CABAE00A79D02 /* SaneNSError.m */,
			);
			name = Source;
			path = ../../Source;
			sourceTree = "<group>";
		};
/* End PBXGroup section */

/* Begin PBXNativeTarget section */
		A33747301A1CABA300A79D02 /* SaneNSError */ = {
			isa = PBXNativeTarget;
			buildConfigurationList = A33747541A1CABA300A79D02 /* Build configuration list for PBXNativeTarget "SaneNSError" */;
			buildPhases = (
				A337472D1A1CABA300A79D02 /* Sources */,
				A337472E1A1CABA300A79D02 /* Frameworks */,
				A337472F1A1CABA300A79D02 /* Resources */,
			);
			buildRules = (
			);
			dependencies = (
			);
			name = SaneNSError;
			productName = SaneNSError;
			productReference = A33747311A1CABA300A79D02 /* SaneNSError.app */;
			productType = "com.apple.product-type.application";
		};
		A33747491A1CABA300A79D02 /* SaneNSErrorTests */ = {
			isa = PBXNativeTarget;
			buildConfigurationList = A33747571A1CABA300A79D02 /* Build configuration list for PBXNativeTarget "SaneNSErrorTests" */;
			buildPhases = (
				A33747461A1CABA300A79D02 /* Sources */,
				A33747471A1CABA300A79D02 /* Frameworks */,
				A33747481A1CABA300A79D02 /* Resources */,
			);
			buildRules = (
			);
			dependencies = (
				A337474C1A1CABA300A79D02 /* PBXTargetDependency */,
			);
			name = SaneNSErrorTests;
			productName = SaneNSErrorTests;
			productReference = A337474A1A1CABA300A79D02 /* SaneNSErrorTests.xctest */;
			productType = "com.apple.product-type.bundle.unit-test";
		};
/* End PBXNativeTarget section */

/* Begin PBXProject section */
		A33747291A1CABA300A79D02 /* Project object */ = {
			isa = PBXProject;
			attributes = {
				LastUpgradeCheck = 0610;
				ORGANIZATIONNAME = Agens;
				TargetAttributes = {
					A33747301A1CABA300A79D02 = {
						CreatedOnToolsVersion = 6.1;
					};
					A33747491A1CABA300A79D02 = {
						CreatedOnToolsVersion = 6.1;
						TestTargetID = A33747301A1CABA300A79D02;
					};
				};
			};
			buildConfigurationList = A337472C1A1CABA300A79D02 /* Build configuration list for PBXProject "SaneNSError" */;
			compatibilityVersion = "Xcode 3.2";
			developmentRegion = English;
			hasScannedForEncodings = 0;
			knownRegions = (
				en,
				Base,
			);
			mainGroup = A33747281A1CABA300A79D02;
			productRefGroup = A33747321A1CABA300A79D02 /* Products */;
			projectDirPath = "";
			projectRoot = "";
			targets = (
				A33747301A1CABA300A79D02 /* SaneNSError */,
				A33747491A1CABA300A79D02 /* SaneNSErrorTests */,
			);
		};
/* End PBXProject section */

/* Begin PBXResourcesBuildPhase section */
		A337472F1A1CABA300A79D02 /* Resources */ = {
			isa = PBXResourcesBuildPhase;
			buildActionMask = 2147483647;
			files = (
				A33747451A1CABA300A79D02 /* LaunchScreen.xib in Resources */,
				A33747421A1CABA300A79D02 /* Images.xcassets in Resources */,
			);
			runOnlyForDeploymentPostprocessing = 0;
		};
		A33747481A1CABA300A79D02 /* Resources */ = {
			isa = PBXResourcesBuildPhase;
			buildActionMask = 2147483647;
			files = (
			);
			runOnlyForDeploymentPostprocessing = 0;
		};
/* End PBXResourcesBuildPhase section */

/* Begin PBXSourcesBuildPhase section */
		A337472D1A1CABA300A79D02 /* Sources */ = {
			isa = PBXSourcesBuildPhase;
			buildActionMask = 2147483647;
			files = (
				A337473A1A1CABA300A79D02 /* AppDelegate.m in Sources */,
				A337475D1A1CABAE00A79D02 /* SaneNSError.m in Sources */,
				A33747371A1CABA300A79D02 /* main.m in Sources */,
			);
			runOnlyForDeploymentPostprocessing = 0;
		};
		A33747461A1CABA300A79D02 /* Sources */ = {
			isa = PBXSourcesBuildPhase;
			buildActionMask = 2147483647;
			files = (
				A33747511A1CABA300A79D02 /* SaneNSErrorTests.m in Sources */,
			);
			runOnlyForDeploymentPostprocessing = 0;
		};
/* End PBXSourcesBuildPhase section */

/* Begin PBXTargetDependency section */
		A337474C1A1CABA300A79D02 /* PBXTargetDependency */ = {
			isa = PBXTargetDependency;
			target = A33747301A1CABA300A79D02 /* SaneNSError */;
			targetProxy = A337474B1A1CABA300A79D02 /* PBXContainerItemProxy */;
		};
/* End PBXTargetDependency section */

/* Begin PBXVariantGroup section */
		A33747431A1CABA300A79D02 /* LaunchScreen.xib */ = {
			isa = PBXVariantGroup;
			children = (
				A33747441A1CABA300A79D02 /* Base */,
			);
			name = LaunchScreen.xib;
			sourceTree = "<group>";
		};
/* End PBXVariantGroup section */

/* Begin XCBuildConfiguration section */
		A33747521A1CABA300A79D02 /* Debug */ = {
			isa = XCBuildConfiguration;
			buildSettings = {
				ALWAYS_SEARCH_USER_PATHS = NO;
				CLANG_CXX_LANGUAGE_STANDARD = "gnu++0x";
				CLANG_CXX_LIBRARY = "libc++";
				CLANG_ENABLE_MODULES = YES;
				CLANG_ENABLE_OBJC_ARC = YES;
				CLANG_WARN_BOOL_CONVERSION = YES;
				CLANG_WARN_CONSTANT_CONVERSION = YES;
				CLANG_WARN_DIRECT_OBJC_ISA_USAGE = YES_ERROR;
				CLANG_WARN_EMPTY_BODY = YES;
				CLANG_WARN_ENUM_CONVERSION = YES;
				CLANG_WARN_INT_CONVERSION = YES;
				CLANG_WARN_OBJC_ROOT_CLASS = YES_ERROR;
				CLANG_WARN_UNREACHABLE_CODE = YES;
				CLANG_WARN__DUPLICATE_METHOD_MATCH = YES;
				"CODE_SIGN_IDENTITY[sdk=iphoneos*]" = "iPhone Developer";
				COPY_PHASE_STRIP = NO;
				ENABLE_STRICT_OBJC_MSGSEND = YES;
				GCC_C_LANGUAGE_STANDARD = gnu99;
				GCC_DYNAMIC_NO_PIC = NO;
				GCC_OPTIMIZATION_LEVEL = 0;
				GCC_PREPROCESSOR_DEFINITIONS = (
					"DEBUG=1",
					"$(inherited)",
				);
				GCC_SYMBOLS_PRIVATE_EXTERN = NO;
				GCC_WARN_64_TO_32_BIT_CONVERSION = YES;
				GCC_WARN_ABOUT_RETURN_TYPE = YES_ERROR;
				GCC_WARN_UNDECLARED_SELECTOR = YES;
				GCC_WARN_UNINITIALIZED_AUTOS = YES_AGGRESSIVE;
				GCC_WARN_UNUSED_FUNCTION = YES;
				GCC_WARN_UNUSED_VARIABLE = YES;
				IPHONEOS_DEPLOYMENT_TARGET = 8.1;
				MTL_ENABLE_DEBUG_INFO = YES;
				ONLY_ACTIVE_ARCH = YES;
				SDKROOT = iphoneos;
				TARGETED_DEVICE_FAMILY = "1,2";
			};
			name = Debug;
		};
		A33747531A1CABA300A79D02 /* Release */ = {
			isa = XCBuildConfiguration;
			buildSettings = {
				ALWAYS_SEARCH_USER_PATHS = NO;
				CLANG_CXX_LANGUAGE_STANDARD = "gnu++0x";
				CLANG_CXX_LIBRARY = "libc++";
				CLANG_ENABLE_MODULES = YES;
				CLANG_ENABLE_OBJC_ARC = YES;
				CLANG_WARN_BOOL_CONVERSION = YES;
				CLANG_WARN_CONSTANT_CONVERSION = YES;
				CLANG_WARN_DIRECT_OBJC_ISA_USAGE = YES_ERROR;
				CLANG_WARN_EMPTY_BODY = YES;
				CLANG_WARN_ENUM_CONVERSION = YES;
				CLANG_WARN_INT_CONVERSION = YES;
				CLANG_WARN_OBJC_ROOT_CLASS = YES_ERROR;
				CLANG_WARN_UNREACHABLE_CODE = YES;
				CLANG_WARN__DUPLICATE_METHOD_MATCH = YES;
				"CODE_SIGN_IDENTITY[sdk=iphoneos*]" = "iPhone Developer";
				COPY_PHASE_STRIP = YES;
				ENABLE_NS_ASSERTIONS = NO;
				ENABLE_STRICT_OBJC_MSGSEND = YES;
				GCC_C_LANGUAGE_STANDARD = gnu99;
				GCC_WARN_64_TO_32_BIT_CONVERSION = YES;
				GCC_WARN_ABOUT_RETURN_TYPE = YES_ERROR;
				GCC_WARN_UNDECLARED_SELECTOR = YES;
				GCC_WARN_UNINITIALIZED_AUTOS = YES_AGGRESSIVE;
				GCC_WARN_UNUSED_FUNCTION = YES;
				GCC_WARN_UNUSED_VARIABLE = YES;
				IPHONEOS_DEPLOYMENT_TARGET = 8.1;
				MTL_ENABLE_DEBUG_INFO = NO;
				SDKROOT = iphoneos;
				TARGETED_DEVICE_FAMILY = "1,2";
				VALIDATE_PRODUCT = YES;
			};
			name = Release;
		};
		A33747551A1CABA300A79D02 /* Debug */ = {
			isa = XCBuildConfiguration;
			buildSettings = {
				ASSETCATALOG_COMPILER_APPICON_NAME = AppIcon;
				INFOPLIST_FILE = SaneNSError/Info.plist;
				LD_RUNPATH_SEARCH_PATHS = "$(inherited) @executable_path/Frameworks";
				PRODUCT_NAME = "$(TARGET_NAME)";
			};
			name = Debug;
		};
		A33747561A1CABA300A79D02 /* Release */ = {
			isa = XCBuildConfiguration;
			buildSettings = {
				ASSETCATALOG_COMPILER_APPICON_NAME = AppIcon;
				INFOPLIST_FILE = SaneNSError/Info.plist;
				LD_RUNPATH_SEARCH_PATHS = "$(inherited) @executable_path/Frameworks";
				PRODUCT_NAME = "$(TARGET_NAME)";
			};
			name = Release;
		};
		A33747581A1CABA300A79D02 /* Debug */ = {
			isa = XCBuildConfiguration;
			buildSettings = {
				BUNDLE_LOADER = "$(TEST_HOST)";
				FRAMEWORK_SEARCH_PATHS = (
					"$(SDKROOT)/Developer/Library/Frameworks",
					"$(inherited)",
				);
				GCC_PREPROCESSOR_DEFINITIONS = (
					"DEBUG=1",
					"$(inherited)",
				);
				INFOPLIST_FILE = SaneNSErrorTests/Info.plist;
				LD_RUNPATH_SEARCH_PATHS = "$(inherited) @executable_path/Frameworks @loader_path/Frameworks";
				PRODUCT_NAME = "$(TARGET_NAME)";
				TEST_HOST = "$(BUILT_PRODUCTS_DIR)/SaneNSError.app/SaneNSError";
			};
			name = Debug;
		};
		A33747591A1CABA300A79D02 /* Release */ = {
			isa = XCBuildConfiguration;
			buildSettings = {
				BUNDLE_LOADER = "$(TEST_HOST)";
				FRAMEWORK_SEARCH_PATHS = (
					"$(SDKROOT)/Developer/Library/Frameworks",
					"$(inherited)",
				);
				INFOPLIST_FILE = SaneNSErrorTests/Info.plist;
				LD_RUNPATH_SEARCH_PATHS = "$(inherited) @executable_path/Frameworks @loader_path/Frameworks";
				PRODUCT_NAME = "$(TARGET_NAME)";
				TEST_HOST = "$(BUILT_PRODUCTS_DIR)/SaneNSError.app/SaneNSError";
			};
			name = Release;
		};
/* End XCBuildConfiguration section */

/* Begin XCConfigurationList section */
		A337472C1A1CABA300A79D02 /* Build configuration list for PBXProject "SaneNSError" */ = {
			isa = XCConfigurationList;
			buildConfigurations = (
				A33747521A1CABA300A79D02 /* Debug */,
				A33747531A1CABA300A79D02 /* Release */,
			);
			defaultConfigurationIsVisible = 0;
			defaultConfigurationName = Release;
		};
		A33747541A1CABA300A79D02 /* Build configuration list for PBXNativeTarget "SaneNSError" */ = {
			isa = XCConfigurationList;
			buildConfigurations = (
				A33747551A1CABA300A79D02 /* Debug */,
				A33747561A1CABA300A79D02 /* Release */,
			);
			defaultConfigurationIsVisible = 0;
		};
		A33747571A1CABA300A79D02 /* Build configuration list for PBXNativeTarget "SaneNSErrorTests" */ = {
			isa = XCConfigurationList;
			buildConfigurations = (
				A33747581A1CABA300A79D02 /* Debug */,
				A33747591A1CABA300A79D02 /* Release */,
			);
			defaultConfigurationIsVisible = 0;
		};
/* End XCConfigurationList section */
	};
	rootObject = A33747291A1CABA300A79D02 /* Project object */;
}
